
Microsoft Visual Studio Solution File, Format Version 12.00
# Visual Studio 15
VisualStudioVersion = 15.0.27703.2042
MinimumVisualStudioVersion = 10.0.40219.1
Project("{FAE04EC0-301F-11D3-BF4B-00C04F79EFBC}") = "VstsDemo.Android", "VstsDemo\VstsDemo.Android\VstsDemo.Android.csproj", "{1B75D01A-1345-42C5-8176-8275F538B88E}"
EndProject
Project("{FAE04EC0-301F-11D3-BF4B-00C04F79EFBC}") = "VstsDemo.iOS", "VstsDemo\VstsDemo.iOS\VstsDemo.iOS.csproj", "{A1B8B711-AECB-4B59-ABA7-9F7C77C7FFB7}"
EndProject
Project("{FAE04EC0-301F-11D3-BF4B-00C04F79EFBC}") = "VstsDemo.UWP", "VstsDemo\VstsDemo.UWP\VstsDemo.UWP.csproj", "{553B0DFF-632E-4E91-AA83-A88A92CD4059}"
EndProject
Project("{FAE04EC0-301F-11D3-BF4B-00C04F79EFBC}") = "VstsDemo", "VstsDemo\VstsDemo\VstsDemo.csproj", "{B5397415-B657-4850-822E-35E796CF7AA9}"
EndProject
Global
	GlobalSection(SolutionConfigurationPlatforms) = preSolution
		Ad-Hoc|Any CPU = Ad-Hoc|Any CPU
		Ad-Hoc|ARM = Ad-Hoc|ARM
		Ad-Hoc|iPhone = Ad-Hoc|iPhone
		Ad-Hoc|iPhoneSimulator = Ad-Hoc|iPhoneSimulator
		Ad-Hoc|x64 = Ad-Hoc|x64
		Ad-Hoc|x86 = Ad-Hoc|x86
		AppStore|Any CPU = AppStore|Any CPU
		AppStore|ARM = AppStore|ARM
		AppStore|iPhone = AppStore|iPhone
		AppStore|iPhoneSimulator = AppStore|iPhoneSimulator
		AppStore|x64 = AppStore|x64
		AppStore|x86 = AppStore|x86
		Debug|Any CPU = Debug|Any CPU
		Debug|ARM = Debug|ARM
		Debug|iPhone = Debug|iPhone
		Debug|iPhoneSimulator = Debug|iPhoneSimulator
		Debug|x64 = Debug|x64
		Debug|x86 = Debug|x86
		Release|Any CPU = Release|Any CPU
		Release|ARM = Release|ARM
		Release|iPhone = Release|iPhone
		Release|iPhoneSimulator = Release|iPhoneSimulator
		Release|x64 = Release|x64
		Release|x86 = Release|x86
	EndGlobalSection
	GlobalSection(ProjectConfigurationPlatforms) = postSolution
		{1B75D01A-1345-42C5-8176-8275F538B88E}.Ad-Hoc|Any CPU.ActiveCfg = Release|Any CPU
		{1B75D01A-1345-42C5-8176-8275F538B88E}.Ad-Hoc|Any CPU.Build.0 = Release|Any CPU
		{1B75D01A-1345-42C5-8176-8275F538B88E}.Ad-Hoc|Any CPU.Deploy.0 = Release|Any CPU
		{1B75D01A-1345-42C5-8176-8275F538B88E}.Ad-Hoc|ARM.ActiveCfg = Release|Any CPU
		{1B75D01A-1345-42C5-8176-8275F538B88E}.Ad-Hoc|ARM.Build.0 = Release|Any CPU
		{1B75D01A-1345-42C5-8176-8275F538B88E}.Ad-Hoc|ARM.Deploy.0 = Release|Any CPU
		{1B75D01A-1345-42C5-8176-8275F538B88E}.Ad-Hoc|iPhone.ActiveCfg = Release|Any CPU
		{1B75D01A-1345-42C5-8176-8275F538B88E}.Ad-Hoc|iPhone.Build.0 = Release|Any CPU
		{1B75D01A-1345-42C5-8176-8275F538B88E}.Ad-Hoc|iPhone.Deploy.0 = Release|Any CPU
		{1B75D01A-1345-42C5-8176-8275F538B88E}.Ad-Hoc|iPhoneSimulator.ActiveCfg = Release|Any CPU
		{1B75D01A-1345-42C5-8176-8275F538B88E}.Ad-Hoc|iPhoneSimulator.Build.0 = Release|Any CPU
		{1B75D01A-1345-42C5-8176-8275F538B88E}.Ad-Hoc|iPhoneSimulator.Deploy.0 = Release|Any CPU
		{1B75D01A-1345-42C5-8176-8275F538B88E}.Ad-Hoc|x64.ActiveCfg = Release|Any CPU
		{1B75D01A-1345-42C5-8176-8275F538B88E}.Ad-Hoc|x64.Build.0 = Release|Any CPU
		{1B75D01A-1345-42C5-8176-8275F538B88E}.Ad-Hoc|x64.Deploy.0 = Release|Any CPU
		{1B75D01A-1345-42C5-8176-8275F538B88E}.Ad-Hoc|x86.ActiveCfg = Release|Any CPU
		{1B75D01A-1345-42C5-8176-8275F538B88E}.Ad-Hoc|x86.Build.0 = Release|Any CPU
		{1B75D01A-1345-42C5-8176-8275F538B88E}.Ad-Hoc|x86.Deploy.0 = Release|Any CPU
		{1B75D01A-1345-42C5-8176-8275F538B88E}.AppStore|Any CPU.ActiveCfg = Release|Any CPU
		{1B75D01A-1345-42C5-8176-8275F538B88E}.AppStore|Any CPU.Build.0 = Release|Any CPU
		{1B75D01A-1345-42C5-8176-8275F538B88E}.AppStore|Any CPU.Deploy.0 = Release|Any CPU
		{1B75D01A-1345-42C5-8176-8275F538B88E}.AppStore|ARM.ActiveCfg = Release|Any CPU
		{1B75D01A-1345-42C5-8176-8275F538B88E}.AppStore|ARM.Build.0 = Release|Any CPU
		{1B75D01A-1345-42C5-8176-8275F538B88E}.AppStore|ARM.Deploy.0 = Release|Any CPU
		{1B75D01A-1345-42C5-8176-8275F538B88E}.AppStore|iPhone.ActiveCfg = Release|Any CPU
		{1B75D01A-1345-42C5-8176-8275F538B88E}.AppStore|iPhone.Build.0 = Release|Any CPU
		{1B75D01A-1345-42C5-8176-8275F538B88E}.AppStore|iPhone.Deploy.0 = Release|Any CPU
		{1B75D01A-1345-42C5-8176-8275F538B88E}.AppStore|iPhoneSimulator.ActiveCfg = Release|Any CPU
		{1B75D01A-1345-42C5-8176-8275F538B88E}.AppStore|iPhoneSimulator.Build.0 = Release|Any CPU
		{1B75D01A-1345-42C5-8176-8275F538B88E}.AppStore|iPhoneSimulator.Deploy.0 = Release|Any CPU
		{1B75D01A-1345-42C5-8176-8275F538B88E}.AppStore|x64.ActiveCfg = Release|Any CPU
		{1B75D01A-1345-42C5-8176-8275F538B88E}.AppStore|x64.Build.0 = Release|Any CPU
		{1B75D01A-1345-42C5-8176-8275F538B88E}.AppStore|x64.Deploy.0 = Release|Any CPU
		{1B75D01A-1345-42C5-8176-8275F538B88E}.AppStore|x86.ActiveCfg = Release|Any CPU
		{1B75D01A-1345-42C5-8176-8275F538B88E}.AppStore|x86.Build.0 = Release|Any CPU
		{1B75D01A-1345-42C5-8176-8275F538B88E}.AppStore|x86.Deploy.0 = Release|Any CPU
		{1B75D01A-1345-42C5-8176-8275F538B88E}.Debug|Any CPU.ActiveCfg = Debug|Any CPU
		{1B75D01A-1345-42C5-8176-8275F538B88E}.Debug|Any CPU.Build.0 = Debug|Any CPU
		{1B75D01A-1345-42C5-8176-8275F538B88E}.Debug|Any CPU.Deploy.0 = Debug|Any CPU
		{1B75D01A-1345-42C5-8176-8275F538B88E}.Debug|ARM.ActiveCfg = Debug|Any CPU
		{1B75D01A-1345-42C5-8176-8275F538B88E}.Debug|ARM.Build.0 = Debug|Any CPU
		{1B75D01A-1345-42C5-8176-8275F538B88E}.Debug|ARM.Deploy.0 = Debug|Any CPU
		{1B75D01A-1345-42C5-8176-8275F538B88E}.Debug|iPhone.ActiveCfg = Debug|Any CPU
		{1B75D01A-1345-42C5-8176-8275F538B88E}.Debug|iPhone.Build.0 = Debug|Any CPU
		{1B75D01A-1345-42C5-8176-8275F538B88E}.Debug|iPhone.Deploy.0 = Debug|Any CPU
		{1B75D01A-1345-42C5-8176-8275F538B88E}.Debug|iPhoneSimulator.ActiveCfg = Debug|Any CPU
		{1B75D01A-1345-42C5-8176-8275F538B88E}.Debug|iPhoneSimulator.Build.0 = Debug|Any CPU
		{1B75D01A-1345-42C5-8176-8275F538B88E}.Debug|iPhoneSimulator.Deploy.0 = Debug|Any CPU
		{1B75D01A-1345-42C5-8176-8275F538B88E}.Debug|x64.ActiveCfg = Debug|Any CPU
		{1B75D01A-1345-42C5-8176-8275F538B88E}.Debug|x64.Build.0 = Debug|Any CPU
		{1B75D01A-1345-42C5-8176-8275F538B88E}.Debug|x64.Deploy.0 = Debug|Any CPU
		{1B75D01A-1345-42C5-8176-8275F538B88E}.Debug|x86.ActiveCfg = Debug|Any CPU
		{1B75D01A-1345-42C5-8176-8275F538B88E}.Debug|x86.Build.0 = Debug|Any CPU
		{1B75D01A-1345-42C5-8176-8275F538B88E}.Debug|x86.Deploy.0 = Debug|Any CPU
		{1B75D01A-1345-42C5-8176-8275F538B88E}.Release|Any CPU.ActiveCfg = Release|Any CPU
		{1B75D01A-1345-42C5-8176-8275F538B88E}.Release|Any CPU.Build.0 = Release|Any CPU
		{1B75D01A-1345-42C5-8176-8275F538B88E}.Release|Any CPU.Deploy.0 = Release|Any CPU
		{1B75D01A-1345-42C5-8176-8275F538B88E}.Release|ARM.ActiveCfg = Release|Any CPU
		{1B75D01A-1345-42C5-8176-8275F538B88E}.Release|ARM.Build.0 = Release|Any CPU
		{1B75D01A-1345-42C5-8176-8275F538B88E}.Release|ARM.Deploy.0 = Release|Any CPU
		{1B75D01A-1345-42C5-8176-8275F538B88E}.Release|iPhone.ActiveCfg = Release|Any CPU
		{1B75D01A-1345-42C5-8176-8275F538B88E}.Release|iPhone.Build.0 = Release|Any CPU
		{1B75D01A-1345-42C5-8176-8275F538B88E}.Release|iPhone.Deploy.0 = Release|Any CPU
		{1B75D01A-1345-42C5-8176-8275F538B88E}.Release|iPhoneSimulator.ActiveCfg = Release|Any CPU
		{1B75D01A-1345-42C5-8176-8275F538B88E}.Release|iPhoneSimulator.Build.0 = Release|Any CPU
		{1B75D01A-1345-42C5-8176-8275F538B88E}.Release|iPhoneSimulator.Deploy.0 = Release|Any CPU
		{1B75D01A-1345-42C5-8176-8275F538B88E}.Release|x64.ActiveCfg = Release|Any CPU
		{1B75D01A-1345-42C5-8176-8275F538B88E}.Release|x64.Build.0 = Release|Any CPU
		{1B75D01A-1345-42C5-8176-8275F538B88E}.Release|x64.Deploy.0 = Release|Any CPU
		{1B75D01A-1345-42C5-8176-8275F538B88E}.Release|x86.ActiveCfg = Release|Any CPU
		{1B75D01A-1345-42C5-8176-8275F538B88E}.Release|x86.Build.0 = Release|Any CPU
		{1B75D01A-1345-42C5-8176-8275F538B88E}.Release|x86.Deploy.0 = Release|Any CPU
		{A1B8B711-AECB-4B59-ABA7-9F7C77C7FFB7}.Ad-Hoc|Any CPU.ActiveCfg = Ad-Hoc|iPhone
		{A1B8B711-AECB-4B59-ABA7-9F7C77C7FFB7}.Ad-Hoc|Any CPU.Build.0 = Ad-Hoc|iPhone
		{A1B8B711-AECB-4B59-ABA7-9F7C77C7FFB7}.Ad-Hoc|Any CPU.Deploy.0 = Ad-Hoc|iPhone
		{A1B8B711-AECB-4B59-ABA7-9F7C77C7FFB7}.Ad-Hoc|ARM.ActiveCfg = Ad-Hoc|iPhone
		{A1B8B711-AECB-4B59-ABA7-9F7C77C7FFB7}.Ad-Hoc|ARM.Build.0 = Ad-Hoc|iPhone
		{A1B8B711-AECB-4B59-ABA7-9F7C77C7FFB7}.Ad-Hoc|ARM.Deploy.0 = Ad-Hoc|iPhone
		{A1B8B711-AECB-4B59-ABA7-9F7C77C7FFB7}.Ad-Hoc|iPhone.ActiveCfg = Ad-Hoc|iPhone
		{A1B8B711-AECB-4B59-ABA7-9F7C77C7FFB7}.Ad-Hoc|iPhone.Build.0 = Ad-Hoc|iPhone
		{A1B8B711-AECB-4B59-ABA7-9F7C77C7FFB7}.Ad-Hoc|iPhone.Deploy.0 = Ad-Hoc|iPhone
		{A1B8B711-AECB-4B59-ABA7-9F7C77C7FFB7}.Ad-Hoc|iPhoneSimulator.ActiveCfg = Ad-Hoc|iPhoneSimulator
		{A1B8B711-AECB-4B59-ABA7-9F7C77C7FFB7}.Ad-Hoc|iPhoneSimulator.Build.0 = Ad-Hoc|iPhoneSimulator
		{A1B8B711-AECB-4B59-ABA7-9F7C77C7FFB7}.Ad-Hoc|iPhoneSimulator.Deploy.0 = Ad-Hoc|iPhoneSimulator
		{A1B8B711-AECB-4B59-ABA7-9F7C77C7FFB7}.Ad-Hoc|x64.ActiveCfg = Ad-Hoc|iPhone
		{A1B8B711-AECB-4B59-ABA7-9F7C77C7FFB7}.Ad-Hoc|x64.Build.0 = Ad-Hoc|iPhone
		{A1B8B711-AECB-4B59-ABA7-9F7C77C7FFB7}.Ad-Hoc|x64.Deploy.0 = Ad-Hoc|iPhone
		{A1B8B711-AECB-4B59-ABA7-9F7C77C7FFB7}.Ad-Hoc|x86.ActiveCfg = Ad-Hoc|iPhone
		{A1B8B711-AECB-4B59-ABA7-9F7C77C7FFB7}.Ad-Hoc|x86.Build.0 = Ad-Hoc|iPhone
		{A1B8B711-AECB-4B59-ABA7-9F7C77C7FFB7}.Ad-Hoc|x86.Deploy.0 = Ad-Hoc|iPhone
		{A1B8B711-AECB-4B59-ABA7-9F7C77C7FFB7}.AppStore|Any CPU.ActiveCfg = AppStore|iPhone
		{A1B8B711-AECB-4B59-ABA7-9F7C77C7FFB7}.AppStore|Any CPU.Build.0 = AppStore|iPhone
		{A1B8B711-AECB-4B59-ABA7-9F7C77C7FFB7}.AppStore|Any CPU.Deploy.0 = AppStore|iPhone
		{A1B8B711-AECB-4B59-ABA7-9F7C77C7FFB7}.AppStore|ARM.ActiveCfg = AppStore|iPhone
		{A1B8B711-AECB-4B59-ABA7-9F7C77C7FFB7}.AppStore|ARM.Build.0 = AppStore|iPhone
		{A1B8B711-AECB-4B59-ABA7-9F7C77C7FFB7}.AppStore|ARM.Deploy.0 = AppStore|iPhone
		{A1B8B711-AECB-4B59-ABA7-9F7C77C7FFB7}.AppStore|iPhone.ActiveCfg = AppStore|iPhone
		{A1B8B711-AECB-4B59-ABA7-9F7C77C7FFB7}.AppStore|iPhone.Build.0 = AppStore|iPhone
		{A1B8B711-AECB-4B59-ABA7-9F7C77C7FFB7}.AppStore|iPhone.Deploy.0 = AppStore|iPhone
		{A1B8B711-AECB-4B59-ABA7-9F7C77C7FFB7}.AppStore|iPhoneSimulator.ActiveCfg = AppStore|iPhoneSimulator
		{A1B8B711-AECB-4B59-ABA7-9F7C77C7FFB7}.AppStore|iPhoneSimulator.Build.0 = AppStore|iPhoneSimulator
		{A1B8B711-AECB-4B59-ABA7-9F7C77C7FFB7}.AppStore|iPhoneSimulator.Deploy.0 = AppStore|iPhoneSimulator
		{A1B8B711-AECB-4B59-ABA7-9F7C77C7FFB7}.AppStore|x64.ActiveCfg = AppStore|iPhone
		{A1B8B711-AECB-4B59-ABA7-9F7C77C7FFB7}.AppStore|x64.Build.0 = AppStore|iPhone
		{A1B8B711-AECB-4B59-ABA7-9F7C77C7FFB7}.AppStore|x64.Deploy.0 = AppStore|iPhone
		{A1B8B711-AECB-4B59-ABA7-9F7C77C7FFB7}.AppStore|x86.ActiveCfg = AppStore|iPhone
		{A1B8B711-AECB-4B59-ABA7-9F7C77C7FFB7}.AppStore|x86.Build.0 = AppStore|iPhone
		{A1B8B711-AECB-4B59-ABA7-9F7C77C7FFB7}.AppStore|x86.Deploy.0 = AppStore|iPhone
		{A1B8B711-AECB-4B59-ABA7-9F7C77C7FFB7}.Debug|Any CPU.ActiveCfg = Debug|iPhoneSimulator
		{A1B8B711-AECB-4B59-ABA7-9F7C77C7FFB7}.Debug|Any CPU.Build.0 = Debug|iPhoneSimulator
		{A1B8B711-AECB-4B59-ABA7-9F7C77C7FFB7}.Debug|Any CPU.Deploy.0 = Debug|iPhoneSimulator
		{A1B8B711-AECB-4B59-ABA7-9F7C77C7FFB7}.Debug|ARM.ActiveCfg = Debug|iPhone
		{A1B8B711-AECB-4B59-ABA7-9F7C77C7FFB7}.Debug|ARM.Build.0 = Debug|iPhone
		{A1B8B711-AECB-4B59-ABA7-9F7C77C7FFB7}.Debug|ARM.Deploy.0 = Debug|iPhone
		{A1B8B711-AECB-4B59-ABA7-9F7C77C7FFB7}.Debug|iPhone.ActiveCfg = Debug|iPhone
		{A1B8B711-AECB-4B59-ABA7-9F7C77C7FFB7}.Debug|iPhone.Build.0 = Debug|iPhone
		{A1B8B711-AECB-4B59-ABA7-9F7C77C7FFB7}.Debug|iPhone.Deploy.0 = Debug|iPhone
		{A1B8B711-AECB-4B59-ABA7-9F7C77C7FFB7}.Debug|iPhoneSimulator.ActiveCfg = Debug|iPhoneSimulator
		{A1B8B711-AECB-4B59-ABA7-9F7C77C7FFB7}.Debug|iPhoneSimulator.Build.0 = Debug|iPhoneSimulator
		{A1B8B711-AECB-4B59-ABA7-9F7C77C7FFB7}.Debug|iPhoneSimulator.Deploy.0 = Debug|iPhoneSimulator
		{A1B8B711-AECB-4B59-ABA7-9F7C77C7FFB7}.Debug|x64.ActiveCfg = Debug|iPhone
		{A1B8B711-AECB-4B59-ABA7-9F7C77C7FFB7}.Debug|x64.Build.0 = Debug|iPhone
		{A1B8B711-AECB-4B59-ABA7-9F7C77C7FFB7}.Debug|x64.Deploy.0 = Debug|iPhone
		{A1B8B711-AECB-4B59-ABA7-9F7C77C7FFB7}.Debug|x86.ActiveCfg = Debug|iPhone
		{A1B8B711-AECB-4B59-ABA7-9F7C77C7FFB7}.Debug|x86.Build.0 = Debug|iPhone
		{A1B8B711-AECB-4B59-ABA7-9F7C77C7FFB7}.Debug|x86.Deploy.0 = Debug|iPhone
		{A1B8B711-AECB-4B59-ABA7-9F7C77C7FFB7}.Release|Any CPU.ActiveCfg = Release|iPhone
		{A1B8B711-AECB-4B59-ABA7-9F7C77C7FFB7}.Release|Any CPU.Build.0 = Release|iPhone
		{A1B8B711-AECB-4B59-ABA7-9F7C77C7FFB7}.Release|Any CPU.Deploy.0 = Release|iPhone
		{A1B8B711-AECB-4B59-ABA7-9F7C77C7FFB7}.Release|ARM.ActiveCfg = Release|iPhone
		{A1B8B711-AECB-4B59-ABA7-9F7C77C7FFB7}.Release|ARM.Build.0 = Release|iPhone
		{A1B8B711-AECB-4B59-ABA7-9F7C77C7FFB7}.Release|ARM.Deploy.0 = Release|iPhone
		{A1B8B711-AECB-4B59-ABA7-9F7C77C7FFB7}.Release|iPhone.ActiveCfg = Release|iPhone
		{A1B8B711-AECB-4B59-ABA7-9F7C77C7FFB7}.Release|iPhone.Build.0 = Release|iPhone
		{A1B8B711-AECB-4B59-ABA7-9F7C77C7FFB7}.Release|iPhone.Deploy.0 = Release|iPhone
		{A1B8B711-AECB-4B59-ABA7-9F7C77C7FFB7}.Release|iPhoneSimulator.ActiveCfg = Release|iPhoneSimulator
		{A1B8B711-AECB-4B59-ABA7-9F7C77C7FFB7}.Release|iPhoneSimulator.Build.0 = Release|iPhoneSimulator
		{A1B8B711-AECB-4B59-ABA7-9F7C77C7FFB7}.Release|iPhoneSimulator.Deploy.0 = Release|iPhoneSimulator
		{A1B8B711-AECB-4B59-ABA7-9F7C77C7FFB7}.Release|x64.ActiveCfg = Release|iPhone
		{A1B8B711-AECB-4B59-ABA7-9F7C77C7FFB7}.Release|x64.Build.0 = Release|iPhone
		{A1B8B711-AECB-4B59-ABA7-9F7C77C7FFB7}.Release|x64.Deploy.0 = Release|iPhone
		{A1B8B711-AECB-4B59-ABA7-9F7C77C7FFB7}.Release|x86.ActiveCfg = Release|iPhone
		{A1B8B711-AECB-4B59-ABA7-9F7C77C7FFB7}.Release|x86.Build.0 = Release|iPhone
		{A1B8B711-AECB-4B59-ABA7-9F7C77C7FFB7}.Release|x86.Deploy.0 = Release|iPhone
		{553B0DFF-632E-4E91-AA83-A88A92CD4059}.Ad-Hoc|Any CPU.ActiveCfg = Release|x86
		{553B0DFF-632E-4E91-AA83-A88A92CD4059}.Ad-Hoc|Any CPU.Build.0 = Release|x86
		{553B0DFF-632E-4E91-AA83-A88A92CD4059}.Ad-Hoc|Any CPU.Deploy.0 = Release|x86
		{553B0DFF-632E-4E91-AA83-A88A92CD4059}.Ad-Hoc|ARM.ActiveCfg = Release|ARM
		{553B0DFF-632E-4E91-AA83-A88A92CD4059}.Ad-Hoc|ARM.Build.0 = Release|ARM
		{553B0DFF-632E-4E91-AA83-A88A92CD4059}.Ad-Hoc|ARM.Deploy.0 = Release|ARM
		{553B0DFF-632E-4E91-AA83-A88A92CD4059}.Ad-Hoc|iPhone.ActiveCfg = Release|x86
		{553B0DFF-632E-4E91-AA83-A88A92CD4059}.Ad-Hoc|iPhone.Build.0 = Release|x86
		{553B0DFF-632E-4E91-AA83-A88A92CD4059}.Ad-Hoc|iPhone.Deploy.0 = Release|x86
		{553B0DFF-632E-4E91-AA83-A88A92CD4059}.Ad-Hoc|iPhoneSimulator.ActiveCfg = Release|x86
		{553B0DFF-632E-4E91-AA83-A88A92CD4059}.Ad-Hoc|iPhoneSimulator.Build.0 = Release|x86
		{553B0DFF-632E-4E91-AA83-A88A92CD4059}.Ad-Hoc|iPhoneSimulator.Deploy.0 = Release|x86
		{553B0DFF-632E-4E91-AA83-A88A92CD4059}.Ad-Hoc|x64.ActiveCfg = Release|x64
		{553B0DFF-632E-4E91-AA83-A88A92CD4059}.Ad-Hoc|x64.Build.0 = Release|x64
		{553B0DFF-632E-4E91-AA83-A88A92CD4059}.Ad-Hoc|x64.Deploy.0 = Release|x64
		{553B0DFF-632E-4E91-AA83-A88A92CD4059}.Ad-Hoc|x86.ActiveCfg = Release|x86
		{553B0DFF-632E-4E91-AA83-A88A92CD4059}.Ad-Hoc|x86.Build.0 = Release|x86
		{553B0DFF-632E-4E91-AA83-A88A92CD4059}.Ad-Hoc|x86.Deploy.0 = Release|x86
		{553B0DFF-632E-4E91-AA83-A88A92CD4059}.AppStore|Any CPU.ActiveCfg = Release|x86
		{553B0DFF-632E-4E91-AA83-A88A92CD4059}.AppStore|Any CPU.Build.0 = Release|x86
		{553B0DFF-632E-4E91-AA83-A88A92CD4059}.AppStore|Any CPU.Deploy.0 = Release|x86
		{553B0DFF-632E-4E91-AA83-A88A92CD4059}.AppStore|ARM.ActiveCfg = Release|ARM
		{553B0DFF-632E-4E91-AA83-A88A92CD4059}.AppStore|ARM.Build.0 = Release|ARM
		{553B0DFF-632E-4E91-AA83-A88A92CD4059}.AppStore|ARM.Deploy.0 = Release|ARM
		{553B0DFF-632E-4E91-AA83-A88A92CD4059}.AppStore|iPhone.ActiveCfg = Release|x86
		{553B0DFF-632E-4E91-AA83-A88A92CD4059}.AppStore|iPhone.Build.0 = Release|x86
		{553B0DFF-632E-4E91-AA83-A88A92CD4059}.AppStore|iPhone.Deploy.0 = Release|x86
		{553B0DFF-632E-4E91-AA83-A88A92CD4059}.AppStore|iPhoneSimulator.ActiveCfg = Release|x86
		{553B0DFF-632E-4E91-AA83-A88A92CD4059}.AppStore|iPhoneSimulator.Build.0 = Release|x86
		{553B0DFF-632E-4E91-AA83-A88A92CD4059}.AppStore|iPhoneSimulator.Deploy.0 = Release|x86
		{553B0DFF-632E-4E91-AA83-A88A92CD4059}.AppStore|x64.ActiveCfg = Release|x64
		{553B0DFF-632E-4E91-AA83-A88A92CD4059}.AppStore|x64.Build.0 = Release|x64
		{553B0DFF-632E-4E91-AA83-A88A92CD4059}.AppStore|x64.Deploy.0 = Release|x64
		{553B0DFF-632E-4E91-AA83-A88A92CD4059}.AppStore|x86.ActiveCfg = Release|x86
		{553B0DFF-632E-4E91-AA83-A88A92CD4059}.AppStore|x86.Build.0 = Release|x86
		{553B0DFF-632E-4E91-AA83-A88A92CD4059}.AppStore|x86.Deploy.0 = Release|x86
		{553B0DFF-632E-4E91-AA83-A88A92CD4059}.Debug|Any CPU.ActiveCfg = Debug|x86
		{553B0DFF-632E-4E91-AA83-A88A92CD4059}.Debug|Any CPU.Build.0 = Debug|x86
		{553B0DFF-632E-4E91-AA83-A88A92CD4059}.Debug|Any CPU.Deploy.0 = Debug|x86
		{553B0DFF-632E-4E91-AA83-A88A92CD4059}.Debug|ARM.ActiveCfg = Debug|ARM
		{553B0DFF-632E-4E91-AA83-A88A92CD4059}.Debug|ARM.Build.0 = Debug|ARM
		{553B0DFF-632E-4E91-AA83-A88A92CD4059}.Debug|ARM.Deploy.0 = Debug|ARM
		{553B0DFF-632E-4E91-AA83-A88A92CD4059}.Debug|iPhone.ActiveCfg = Debug|x86
		{553B0DFF-632E-4E91-AA83-A88A92CD4059}.Debug|iPhone.Build.0 = Debug|x86
		{553B0DFF-632E-4E91-AA83-A88A92CD4059}.Debug|iPhone.Deploy.0 = Debug|x86
		{553B0DFF-632E-4E91-AA83-A88A92CD4059}.Debug|iPhoneSimulator.ActiveCfg = Debug|x86
		{553B0DFF-632E-4E91-AA83-A88A92CD4059}.Debug|iPhoneSimulator.Build.0 = Debug|x86
		{553B0DFF-632E-4E91-AA83-A88A92CD4059}.Debug|iPhoneSimulator.Deploy.0 = Debug|x86
		{553B0DFF-632E-4E91-AA83-A88A92CD4059}.Debug|x64.ActiveCfg = Debug|x64
		{553B0DFF-632E-4E91-AA83-A88A92CD4059}.Debug|x64.Build.0 = Debug|x64
		{553B0DFF-632E-4E91-AA83-A88A92CD4059}.Debug|x64.Deploy.0 = Debug|x64
		{553B0DFF-632E-4E91-AA83-A88A92CD4059}.Debug|x86.ActiveCfg = Debug|x86
		{553B0DFF-632E-4E91-AA83-A88A92CD4059}.Debug|x86.Build.0 = Debug|x86
		{553B0DFF-632E-4E91-AA83-A88A92CD4059}.Debug|x86.Deploy.0 = Debug|x86
		{553B0DFF-632E-4E91-AA83-A88A92CD4059}.Release|Any CPU.ActiveCfg = Release|x86
		{553B0DFF-632E-4E91-AA83-A88A92CD4059}.Release|Any CPU.Build.0 = Release|x86
		{553B0DFF-632E-4E91-AA83-A88A92CD4059}.Release|Any CPU.Deploy.0 = Release|x86
		{553B0DFF-632E-4E91-AA83-A88A92CD4059}.Release|ARM.ActiveCfg = Release|ARM
		{553B0DFF-632E-4E91-AA83-A88A92CD4059}.Release|ARM.Build.0 = Release|ARM
		{553B0DFF-632E-4E91-AA83-A88A92CD4059}.Release|ARM.Deploy.0 = Release|ARM
		{553B0DFF-632E-4E91-AA83-A88A92CD4059}.Release|iPhone.ActiveCfg = Release|x86
		{553B0DFF-632E-4E91-AA83-A88A92CD4059}.Release|iPhone.Build.0 = Release|x86
		{553B0DFF-632E-4E91-AA83-A88A92CD4059}.Release|iPhone.Deploy.0 = Release|x86
		{553B0DFF-632E-4E91-AA83-A88A92CD4059}.Release|iPhoneSimulator.ActiveCfg = Release|x86
		{553B0DFF-632E-4E91-AA83-A88A92CD4059}.Release|iPhoneSimulator.Build.0 = Release|x86
		{553B0DFF-632E-4E91-AA83-A88A92CD4059}.Release|iPhoneSimulator.Deploy.0 = Release|x86
		{553B0DFF-632E-4E91-AA83-A88A92CD4059}.Release|x64.ActiveCfg = Release|x64
		{553B0DFF-632E-4E91-AA83-A88A92CD4059}.Release|x64.Build.0 = Release|x64
		{553B0DFF-632E-4E91-AA83-A88A92CD4059}.Release|x64.Deploy.0 = Release|x64
		{553B0DFF-632E-4E91-AA83-A88A92CD4059}.Release|x86.ActiveCfg = Release|x86
		{553B0DFF-632E-4E91-AA83-A88A92CD4059}.Release|x86.Build.0 = Release|x86
		{553B0DFF-632E-4E91-AA83-A88A92CD4059}.Release|x86.Deploy.0 = Release|x86
		{B5397415-B657-4850-822E-35E796CF7AA9}.Ad-Hoc|Any CPU.ActiveCfg = Debug|Any CPU
		{B5397415-B657-4850-822E-35E796CF7AA9}.Ad-Hoc|Any CPU.Build.0 = Debug|Any CPU
		{B5397415-B657-4850-822E-35E796CF7AA9}.Ad-Hoc|Any CPU.Deploy.0 = Debug|Any CPU
		{B5397415-B657-4850-822E-35E796CF7AA9}.Ad-Hoc|ARM.ActiveCfg = Debug|Any CPU
		{B5397415-B657-4850-822E-35E796CF7AA9}.Ad-Hoc|ARM.Build.0 = Debug|Any CPU
		{B5397415-B657-4850-822E-35E796CF7AA9}.Ad-Hoc|ARM.Deploy.0 = Debug|Any CPU
		{B5397415-B657-4850-822E-35E796CF7AA9}.Ad-Hoc|iPhone.ActiveCfg = Debug|Any CPU
		{B5397415-B657-4850-822E-35E796CF7AA9}.Ad-Hoc|iPhone.Build.0 = Debug|Any CPU
		{B5397415-B657-4850-822E-35E796CF7AA9}.Ad-Hoc|iPhone.Deploy.0 = Debug|Any CPU
		{B5397415-B657-4850-822E-35E796CF7AA9}.Ad-Hoc|iPhoneSimulator.ActiveCfg = Debug|Any CPU
		{B5397415-B657-4850-822E-35E796CF7AA9}.Ad-Hoc|iPhoneSimulator.Build.0 = Debug|Any CPU
		{B5397415-B657-4850-822E-35E796CF7AA9}.Ad-Hoc|iPhoneSimulator.Deploy.0 = Debug|Any CPU
		{B5397415-B657-4850-822E-35E796CF7AA9}.Ad-Hoc|x64.ActiveCfg = Debug|Any CPU
		{B5397415-B657-4850-822E-35E796CF7AA9}.Ad-Hoc|x64.Build.0 = Debug|Any CPU
		{B5397415-B657-4850-822E-35E796CF7AA9}.Ad-Hoc|x64.Deploy.0 = Debug|Any CPU
		{B5397415-B657-4850-822E-35E796CF7AA9}.Ad-Hoc|x86.ActiveCfg = Debug|Any CPU
		{B5397415-B657-4850-822E-35E796CF7AA9}.Ad-Hoc|x86.Build.0 = Debug|Any CPU
		{B5397415-B657-4850-822E-35E796CF7AA9}.Ad-Hoc|x86.Deploy.0 = Debug|Any CPU
		{B5397415-B657-4850-822E-35E796CF7AA9}.AppStore|Any CPU.ActiveCfg = Debug|Any CPU
		{B5397415-B657-4850-822E-35E796CF7AA9}.AppStore|Any CPU.Build.0 = Debug|Any CPU
		{B5397415-B657-4850-822E-35E796CF7AA9}.AppStore|Any CPU.Deploy.0 = Debug|Any CPU
		{B5397415-B657-4850-822E-35E796CF7AA9}.AppStore|ARM.ActiveCfg = Debug|Any CPU
		{B5397415-B657-4850-822E-35E796CF7AA9}.AppStore|ARM.Build.0 = Debug|Any CPU
		{B5397415-B657-4850-822E-35E796CF7AA9}.AppStore|ARM.Deploy.0 = Debug|Any CPU
		{B5397415-B657-4850-822E-35E796CF7AA9}.AppStore|iPhone.ActiveCfg = Debug|Any CPU
		{B5397415-B657-4850-822E-35E796CF7AA9}.AppStore|iPhone.Build.0 = Debug|Any CPU
		{B5397415-B657-4850-822E-35E796CF7AA9}.AppStore|iPhone.Deploy.0 = Debug|Any CPU
		{B5397415-B657-4850-822E-35E796CF7AA9}.AppStore|iPhoneSimulator.ActiveCfg = Debug|Any CPU
		{B5397415-B657-4850-822E-35E796CF7AA9}.AppStore|iPhoneSimulator.Build.0 = Debug|Any CPU
		{B5397415-B657-4850-822E-35E796CF7AA9}.AppStore|iPhoneSimulator.Deploy.0 = Debug|Any CPU
		{B5397415-B657-4850-822E-35E796CF7AA9}.AppStore|x64.ActiveCfg = Debug|Any CPU
		{B5397415-B657-4850-822E-35E796CF7AA9}.AppStore|x64.Build.0 = Debug|Any CPU
		{B5397415-B657-4850-822E-35E796CF7AA9}.AppStore|x64.Deploy.0 = Debug|Any CPU
		{B5397415-B657-4850-822E-35E796CF7AA9}.AppStore|x86.ActiveCfg = Debug|Any CPU
		{B5397415-B657-4850-822E-35E796CF7AA9}.AppStore|x86.Build.0 = Debug|Any CPU
		{B5397415-B657-4850-822E-35E796CF7AA9}.AppStore|x86.Deploy.0 = Debug|Any CPU
		{B5397415-B657-4850-822E-35E796CF7AA9}.Debug|Any CPU.ActiveCfg = Debug|Any CPU
		{B5397415-B657-4850-822E-35E796CF7AA9}.Debug|Any CPU.Build.0 = Debug|Any CPU
		{B5397415-B657-4850-822E-35E796CF7AA9}.Debug|Any CPU.Deploy.0 = Debug|Any CPU
		{B5397415-B657-4850-822E-35E796CF7AA9}.Debug|ARM.ActiveCfg = Debug|Any CPU
		{B5397415-B657-4850-822E-35E796CF7AA9}.Debug|ARM.Build.0 = Debug|Any CPU
		{B5397415-B657-4850-822E-35E796CF7AA9}.Debug|ARM.Deploy.0 = Debug|Any CPU
		{B5397415-B657-4850-822E-35E796CF7AA9}.Debug|iPhone.ActiveCfg = Debug|Any CPU
		{B5397415-B657-4850-822E-35E796CF7AA9}.Debug|iPhone.Build.0 = Debug|Any CPU
		{B5397415-B657-4850-822E-35E796CF7AA9}.Debug|iPhone.Deploy.0 = Debug|Any CPU
		{B5397415-B657-4850-822E-35E796CF7AA9}.Debug|iPhoneSimulator.ActiveCfg = Debug|Any CPU
		{B5397415-B657-4850-822E-35E796CF7AA9}.Debug|iPhoneSimulator.Build.0 = Debug|Any CPU
		{B5397415-B657-4850-822E-35E796CF7AA9}.Debug|iPhoneSimulator.Deploy.0 = Debug|Any CPU
		{B5397415-B657-4850-822E-35E796CF7AA9}.Debug|x64.ActiveCfg = Debug|Any CPU
		{B5397415-B657-4850-822E-35E796CF7AA9}.Debug|x64.Build.0 = Debug|Any CPU
		{B5397415-B657-4850-822E-35E796CF7AA9}.Debug|x64.Deploy.0 = Debug|Any CPU
		{B5397415-B657-4850-822E-35E796CF7AA9}.Debug|x86.ActiveCfg = Debug|Any CPU
		{B5397415-B657-4850-822E-35E796CF7AA9}.Debug|x86.Build.0 = Debug|Any CPU
		{B5397415-B657-4850-822E-35E796CF7AA9}.Debug|x86.Deploy.0 = Debug|Any CPU
		{B5397415-B657-4850-822E-35E796CF7AA9}.Release|Any CPU.ActiveCfg = Release|Any CPU
		{B5397415-B657-4850-822E-35E796CF7AA9}.Release|Any CPU.Build.0 = Release|Any CPU
		{B5397415-B657-4850-822E-35E796CF7AA9}.Release|Any CPU.Deploy.0 = Release|Any CPU
		{B5397415-B657-4850-822E-35E796CF7AA9}.Release|ARM.ActiveCfg = Release|Any CPU
		{B5397415-B657-4850-822E-35E796CF7AA9}.Release|ARM.Build.0 = Release|Any CPU
		{B5397415-B657-4850-822E-35E796CF7AA9}.Release|ARM.Deploy.0 = Release|Any CPU
		{B5397415-B657-4850-822E-35E796CF7AA9}.Release|iPhone.ActiveCfg = Release|Any CPU
		{B5397415-B657-4850-822E-35E796CF7AA9}.Release|iPhone.Build.0 = Release|Any CPU
		{B5397415-B657-4850-822E-35E796CF7AA9}.Release|iPhone.Deploy.0 = Release|Any CPU
		{B5397415-B657-4850-822E-35E796CF7AA9}.Release|iPhoneSimulator.ActiveCfg = Release|Any CPU
		{B5397415-B657-4850-822E-35E796CF7AA9}.Release|iPhoneSimulator.Build.0 = Release|Any CPU
		{B5397415-B657-4850-822E-35E796CF7AA9}.Release|iPhoneSimulator.Deploy.0 = Release|Any CPU
		{B5397415-B657-4850-822E-35E796CF7AA9}.Release|x64.ActiveCfg = Release|Any CPU
		{B5397415-B657-4850-822E-35E796CF7AA9}.Release|x64.Build.0 = Release|Any CPU
		{B5397415-B657-4850-822E-35E796CF7AA9}.Release|x64.Deploy.0 = Release|Any CPU
		{B5397415-B657-4850-822E-35E796CF7AA9}.Release|x86.ActiveCfg = Release|Any CPU
		{B5397415-B657-4850-822E-35E796CF7AA9}.Release|x86.Build.0 = Release|Any CPU
		{B5397415-B657-4850-822E-35E796CF7AA9}.Release|x86.Deploy.0 = Release|Any CPU
	EndGlobalSection
	GlobalSection(SolutionProperties) = preSolution
		HideSolutionNode = FALSE
	EndGlobalSection
	GlobalSection(ExtensibilityGlobals) = postSolution
		SolutionGuid = {032577DB-0B63-47FC-991C-C10A92B4F668}
	EndGlobalSection
EndGlobal
